
Microsoft Visual Studio Solution File, Format Version 12.00
# Visual Studio Version 16
VisualStudioVersion = 16.0.31702.278
MinimumVisualStudioVersion = 10.0.40219.1
Project("{FAE04EC0-301F-11D3-BF4B-00C04F79EFBC}") = "Tests", "Tests\Tests.csproj", "{5A73B7CC-2E44-4D70-882C-A1F4423542C7}"
EndProject
Project("{FAE04EC0-301F-11D3-BF4B-00C04F79EFBC}") = "Model", "Model\Model.csproj", "{5250233F-1C30-4F1D-A14B-A474B1B948E5}"
EndProject
Global
	GlobalSection(SolutionConfigurationPlatforms) = preSolution
		Debug|Any CPU = Debug|Any CPU
		Release|Any CPU = Release|Any CPU
	EndGlobalSection
	GlobalSection(ProjectConfigurationPlatforms) = postSolution
		{5A73B7CC-2E44-4D70-882C-A1F4423542C7}.Debug|Any CPU.ActiveCfg = Debug|Any CPU
		{5A73B7CC-2E44-4D70-882C-A1F4423542C7}.Debug|Any CPU.Build.0 = Debug|Any CPU
		{5A73B7CC-2E44-4D70-882C-A1F4423542C7}.Release|Any CPU.ActiveCfg = Release|Any CPU
		{5A73B7CC-2E44-4D70-882C-A1F4423542C7}.Release|Any CPU.Build.0 = Release|Any CPU
		{5250233F-1C30-4F1D-A14B-A474B1B948E5}.Debug|Any CPU.ActiveCfg = Debug|Any CPU
		{5250233F-1C30-4F1D-A14B-A474B1B948E5}.Debug|Any CPU.Build.0 = Debug|Any CPU
		{5250233F-1C30-4F1D-A14B-A474B1B948E5}.Release|Any CPU.ActiveCfg = Release|Any CPU
		{5250233F-1C30-4F1D-A14B-A474B1B948E5}.Release|Any CPU.Build.0 = Release|Any CPU
	EndGlobalSection
	GlobalSection(SolutionProperties) = preSolution
		HideSolutionNode = FALSE
	EndGlobalSection
	GlobalSection(ExtensibilityGlobals) = postSolution
		SolutionGuid = {EDA72566-9BF5-4C44-8369-90087BD8F4FA}
	EndGlobalSection
EndGlobal
